
Microsoft Visual Studio Solution File, Format Version 12.00
# Visual Studio Version 16
VisualStudioVersion = 16.0.31112.23
MinimumVisualStudioVersion = 10.0.40219.1
Project("{9A19103F-16F7-4668-BE54-9A1E7A4F7556}") = "ProjectFramework", "ProjectFramework\ProjectFramework.csproj", "{AB084EE4-000F-4797-B7CC-2DB606C431BC}"
	ProjectSection(ProjectDependencies) = postProject
		{6EC8E687-803F-4970-A3FF-AFE04469F9A2} = {6EC8E687-803F-4970-A3FF-AFE04469F9A2}
	EndProjectSection
EndProject
Project("{9A19103F-16F7-4668-BE54-9A1E7A4F7556}") = "CoreFramework", "CoreFramework\CoreFramework.csproj", "{6EC8E687-803F-4970-A3FF-AFE04469F9A2}"
EndProject
Global
	GlobalSection(SolutionConfigurationPlatforms) = preSolution
		Chrome_Preprod|Any CPU = Chrome_Preprod|Any CPU
		Debug|Any CPU = Debug|Any CPU
		Firefox_Preprod|Any CPU = Firefox_Preprod|Any CPU
		Release|Any CPU = Release|Any CPU
	EndGlobalSection
	GlobalSection(ProjectConfigurationPlatforms) = postSolution
		{AB084EE4-000F-4797-B7CC-2DB606C431BC}.Chrome_Preprod|Any CPU.ActiveCfg = Chrome_Preprod|Any CPU
		{AB084EE4-000F-4797-B7CC-2DB606C431BC}.Chrome_Preprod|Any CPU.Build.0 = Chrome_Preprod|Any CPU
		{AB084EE4-000F-4797-B7CC-2DB606C431BC}.Debug|Any CPU.ActiveCfg = Release|Any CPU
		{AB084EE4-000F-4797-B7CC-2DB606C431BC}.Debug|Any CPU.Build.0 = Release|Any CPU
		{AB084EE4-000F-4797-B7CC-2DB606C431BC}.Firefox_Preprod|Any CPU.ActiveCfg = Release|Any CPU
		{AB084EE4-000F-4797-B7CC-2DB606C431BC}.Firefox_Preprod|Any CPU.Build.0 = Release|Any CPU
		{AB084EE4-000F-4797-B7CC-2DB606C431BC}.Release|Any CPU.ActiveCfg = Release|Any CPU
		{6EC8E687-803F-4970-A3FF-AFE04469F9A2}.Chrome_Preprod|Any CPU.ActiveCfg = Debug|Any CPU
		{6EC8E687-803F-4970-A3FF-AFE04469F9A2}.Chrome_Preprod|Any CPU.Build.0 = Debug|Any CPU
		{6EC8E687-803F-4970-A3FF-AFE04469F9A2}.Debug|Any CPU.ActiveCfg = Release|Any CPU
		{6EC8E687-803F-4970-A3FF-AFE04469F9A2}.Debug|Any CPU.Build.0 = Release|Any CPU
		{6EC8E687-803F-4970-A3FF-AFE04469F9A2}.Firefox_Preprod|Any CPU.ActiveCfg = Debug|Any CPU
		{6EC8E687-803F-4970-A3FF-AFE04469F9A2}.Firefox_Preprod|Any CPU.Build.0 = Debug|Any CPU
		{6EC8E687-803F-4970-A3FF-AFE04469F9A2}.Release|Any CPU.ActiveCfg = Debug|Any CPU
		{6EC8E687-803F-4970-A3FF-AFE04469F9A2}.Release|Any CPU.Build.0 = Debug|Any CPU
	EndGlobalSection
	GlobalSection(SolutionProperties) = preSolution
		HideSolutionNode = FALSE
	EndGlobalSection
	GlobalSection(ExtensibilityGlobals) = postSolution
		SolutionGuid = {B69E07E8-3B5B-4508-8A9A-F153950001CF}
	EndGlobalSection
EndGlobal
